{
  "originHash" : "9b056e2220273eeffc978bf78d5fce58fa3dcac6a5726ead43eb08f27cf841c9",
  "pins" : [
    {
      "identity" : "xmlcoder",
      "kind" : "remoteSourceControl",
      "location" : "https://github.com/maxdesiatov/XMLCoder.git",
      "state" : {
        "revision" : "ca932442d7481700f5434a7b138c47dd42d9902b",
        "version" : "0.14.0"
      }
    },
    {
      "identity" : "zipfoundation",
      "kind" : "remoteSourceControl",
      "location" : "https://github.com/christopherweems/ZIPFoundation.git",
      "state" : {
        "branch" : "development",
        "revision" : "ca3ee125c05e116027d9fc3b1d0ab622493bd63a"
      }
    }
  ],
  "version" : 3
}
